
Microsoft Visual Studio Solution File, Format Version 12.00
# Visual Studio 15
VisualStudioVersion = 15.0.27703.2026
MinimumVisualStudioVersion = 10.0.40219.1
Project("{9A19103F-16F7-4668-BE54-9A1E7A4F7556}") = "API", "API\API.csproj", "{0BB81409-478E-46D8-8443-E685415A3C08}"
EndProject
Project("{9A19103F-16F7-4668-BE54-9A1E7A4F7556}") = "Model", "Model\Model.csproj", "{DA575B86-E1B1-4700-AB14-5D311899AAFC}"
EndProject
Project("{9A19103F-16F7-4668-BE54-9A1E7A4F7556}") = "Persistence", "Persistence\Persistence.csproj", "{41079E55-586A-478F-9D97-84E97C566574}"
EndProject
Project("{9A19103F-16F7-4668-BE54-9A1E7A4F7556}") = "Service", "Service\Service.csproj", "{530A5952-2C62-4FDC-9391-D032EA79883A}"
EndProject
Project("{FAE04EC0-301F-11D3-BF4B-00C04F79EFBC}") = "Repository", "Repository\Repository.csproj", "{B787FE88-04CE-4B37-8170-D7D81848F0FC}"
EndProject
Global
	GlobalSection(SolutionConfigurationPlatforms) = preSolution
		Debug|Any CPU = Debug|Any CPU
		Release|Any CPU = Release|Any CPU
	EndGlobalSection
	GlobalSection(ProjectConfigurationPlatforms) = postSolution
		{0BB81409-478E-46D8-8443-E685415A3C08}.Debug|Any CPU.ActiveCfg = Debug|Any CPU
		{0BB81409-478E-46D8-8443-E685415A3C08}.Debug|Any CPU.Build.0 = Debug|Any CPU
		{0BB81409-478E-46D8-8443-E685415A3C08}.Release|Any CPU.ActiveCfg = Release|Any CPU
		{0BB81409-478E-46D8-8443-E685415A3C08}.Release|Any CPU.Build.0 = Release|Any CPU
		{DA575B86-E1B1-4700-AB14-5D311899AAFC}.Debug|Any CPU.ActiveCfg = Debug|Any CPU
		{DA575B86-E1B1-4700-AB14-5D311899AAFC}.Debug|Any CPU.Build.0 = Debug|Any CPU
		{DA575B86-E1B1-4700-AB14-5D311899AAFC}.Release|Any CPU.ActiveCfg = Release|Any CPU
		{DA575B86-E1B1-4700-AB14-5D311899AAFC}.Release|Any CPU.Build.0 = Release|Any CPU
		{41079E55-586A-478F-9D97-84E97C566574}.Debug|Any CPU.ActiveCfg = Debug|Any CPU
		{41079E55-586A-478F-9D97-84E97C566574}.Debug|Any CPU.Build.0 = Debug|Any CPU
		{41079E55-586A-478F-9D97-84E97C566574}.Release|Any CPU.ActiveCfg = Release|Any CPU
		{41079E55-586A-478F-9D97-84E97C566574}.Release|Any CPU.Build.0 = Release|Any CPU
		{530A5952-2C62-4FDC-9391-D032EA79883A}.Debug|Any CPU.ActiveCfg = Debug|Any CPU
		{530A5952-2C62-4FDC-9391-D032EA79883A}.Debug|Any CPU.Build.0 = Debug|Any CPU
		{530A5952-2C62-4FDC-9391-D032EA79883A}.Release|Any CPU.ActiveCfg = Release|Any CPU
		{530A5952-2C62-4FDC-9391-D032EA79883A}.Release|Any CPU.Build.0 = Release|Any CPU
		{B787FE88-04CE-4B37-8170-D7D81848F0FC}.Debug|Any CPU.ActiveCfg = Debug|Any CPU
		{B787FE88-04CE-4B37-8170-D7D81848F0FC}.Debug|Any CPU.Build.0 = Debug|Any CPU
		{B787FE88-04CE-4B37-8170-D7D81848F0FC}.Release|Any CPU.ActiveCfg = Release|Any CPU
		{B787FE88-04CE-4B37-8170-D7D81848F0FC}.Release|Any CPU.Build.0 = Release|Any CPU
	EndGlobalSection
	GlobalSection(SolutionProperties) = preSolution
		HideSolutionNode = FALSE
	EndGlobalSection
	GlobalSection(ExtensibilityGlobals) = postSolution
		SolutionGuid = {7998BCF1-ECC3-4A9C-81F5-436535A899CB}
	EndGlobalSection
EndGlobal
